
Microsoft Visual Studio Solution File, Format Version 12.00
# Visual Studio 15
VisualStudioVersion = 15.0.28306.52
MinimumVisualStudioVersion = 10.0.40219.1
Project("{9A19103F-16F7-4668-BE54-9A1E7A4F7556}") = "EasyLife.Web.Client", "EasyLife.Web.Client\EasyLife.Web.Client.csproj", "{82D9B380-2CB0-4B02-9E65-DD827B8C6081}"
EndProject
Project("{2150E333-8FDC-42A3-9474-1A3956D46DE8}") = "Client", "Client", "{A3B2082C-2F22-4353-9C7C-FDBEB690626F}"
EndProject
Project("{2150E333-8FDC-42A3-9474-1A3956D46DE8}") = "Core", "Core", "{27A85582-3283-43B8-B9EA-0352F2285E71}"
EndProject
Project("{9A19103F-16F7-4668-BE54-9A1E7A4F7556}") = "EasyLife.Application", "EasyLife.Application\EasyLife.Application.csproj", "{2B3B566C-6E06-4271-8A6C-8638273E06EC}"
EndProject
Project("{9A19103F-16F7-4668-BE54-9A1E7A4F7556}") = "EasyLife.Domain", "EasyLife.Domain\EasyLife.Domain.csproj", "{C3304E99-B166-4887-9CEB-B8723AF0289A}"
EndProject
Project("{2150E333-8FDC-42A3-9474-1A3956D46DE8}") = "Infrastructure", "Infrastructure", "{DB7A6DC8-EB61-4824-B4F9-B15A0019DF6C}"
EndProject
Project("{9A19103F-16F7-4668-BE54-9A1E7A4F7556}") = "EasyLife.Persistence", "EasyLife.Persistence\EasyLife.Persistence.csproj", "{50D70390-D566-40CA-BCBA-99F5EBF97491}"
EndProject
Project("{2150E333-8FDC-42A3-9474-1A3956D46DE8}") = "Tests", "Tests", "{9AE040EF-3CD9-4141-968E-35F36550099B}"
EndProject
Project("{FAE04EC0-301F-11D3-BF4B-00C04F79EFBC}") = "EasyLife.Test", "EasyLife.Test\EasyLife.Test.csproj", "{6D041B31-AF3E-4063-8B45-70ECCD891414}"
EndProject
Global
	GlobalSection(SolutionConfigurationPlatforms) = preSolution
		Debug|Any CPU = Debug|Any CPU
		Release|Any CPU = Release|Any CPU
	EndGlobalSection
	GlobalSection(ProjectConfigurationPlatforms) = postSolution
		{82D9B380-2CB0-4B02-9E65-DD827B8C6081}.Debug|Any CPU.ActiveCfg = Debug|Any CPU
		{82D9B380-2CB0-4B02-9E65-DD827B8C6081}.Debug|Any CPU.Build.0 = Debug|Any CPU
		{82D9B380-2CB0-4B02-9E65-DD827B8C6081}.Release|Any CPU.ActiveCfg = Release|Any CPU
		{82D9B380-2CB0-4B02-9E65-DD827B8C6081}.Release|Any CPU.Build.0 = Release|Any CPU
		{2B3B566C-6E06-4271-8A6C-8638273E06EC}.Debug|Any CPU.ActiveCfg = Debug|Any CPU
		{2B3B566C-6E06-4271-8A6C-8638273E06EC}.Debug|Any CPU.Build.0 = Debug|Any CPU
		{2B3B566C-6E06-4271-8A6C-8638273E06EC}.Release|Any CPU.ActiveCfg = Release|Any CPU
		{2B3B566C-6E06-4271-8A6C-8638273E06EC}.Release|Any CPU.Build.0 = Release|Any CPU
		{C3304E99-B166-4887-9CEB-B8723AF0289A}.Debug|Any CPU.ActiveCfg = Debug|Any CPU
		{C3304E99-B166-4887-9CEB-B8723AF0289A}.Debug|Any CPU.Build.0 = Debug|Any CPU
		{C3304E99-B166-4887-9CEB-B8723AF0289A}.Release|Any CPU.ActiveCfg = Release|Any CPU
		{C3304E99-B166-4887-9CEB-B8723AF0289A}.Release|Any CPU.Build.0 = Release|Any CPU
		{50D70390-D566-40CA-BCBA-99F5EBF97491}.Debug|Any CPU.ActiveCfg = Debug|Any CPU
		{50D70390-D566-40CA-BCBA-99F5EBF97491}.Debug|Any CPU.Build.0 = Debug|Any CPU
		{50D70390-D566-40CA-BCBA-99F5EBF97491}.Release|Any CPU.ActiveCfg = Release|Any CPU
		{50D70390-D566-40CA-BCBA-99F5EBF97491}.Release|Any CPU.Build.0 = Release|Any CPU
		{6D041B31-AF3E-4063-8B45-70ECCD891414}.Debug|Any CPU.ActiveCfg = Debug|Any CPU
		{6D041B31-AF3E-4063-8B45-70ECCD891414}.Debug|Any CPU.Build.0 = Debug|Any CPU
		{6D041B31-AF3E-4063-8B45-70ECCD891414}.Release|Any CPU.ActiveCfg = Release|Any CPU
		{6D041B31-AF3E-4063-8B45-70ECCD891414}.Release|Any CPU.Build.0 = Release|Any CPU
	EndGlobalSection
	GlobalSection(SolutionProperties) = preSolution
		HideSolutionNode = FALSE
	EndGlobalSection
	GlobalSection(NestedProjects) = preSolution
		{82D9B380-2CB0-4B02-9E65-DD827B8C6081} = {A3B2082C-2F22-4353-9C7C-FDBEB690626F}
		{2B3B566C-6E06-4271-8A6C-8638273E06EC} = {27A85582-3283-43B8-B9EA-0352F2285E71}
		{C3304E99-B166-4887-9CEB-B8723AF0289A} = {27A85582-3283-43B8-B9EA-0352F2285E71}
		{50D70390-D566-40CA-BCBA-99F5EBF97491} = {DB7A6DC8-EB61-4824-B4F9-B15A0019DF6C}
		{6D041B31-AF3E-4063-8B45-70ECCD891414} = {9AE040EF-3CD9-4141-968E-35F36550099B}
	EndGlobalSection
	GlobalSection(ExtensibilityGlobals) = postSolution
		SolutionGuid = {BE3AC840-08DB-43A2-88F6-1C39815404F1}
	EndGlobalSection
EndGlobal
