
Microsoft Visual Studio Solution File, Format Version 12.00
# Visual Studio 15
VisualStudioVersion = 15.0.28010.2036
MinimumVisualStudioVersion = 10.0.40219.1
Project("{FAE04EC0-301F-11D3-BF4B-00C04F79EFBC}") = "EasyLife.Web.Client", "EasyLife.Web.Client\EasyLife.Web.Client.csproj", "{9200D377-F0BD-456E-A398-18408E83FA27}"
EndProject
Project("{2150E333-8FDC-42A3-9474-1A3956D46DE8}") = "Client", "Client", "{7BC7598C-9217-47A7-A452-ECB9F57CA04A}"
EndProject
Project("{2150E333-8FDC-42A3-9474-1A3956D46DE8}") = "Core", "Core", "{450C78C9-64B9-4C10-89B1-F187049670CE}"
EndProject
Project("{2150E333-8FDC-42A3-9474-1A3956D46DE8}") = "Infrastructure", "Infrastructure", "{A9F95246-D980-4C75-84B2-735DED7C637A}"
EndProject
Project("{FAE04EC0-301F-11D3-BF4B-00C04F79EFBC}") = "EasyLife.Application", "EasyLife.Application\EasyLife.Application.csproj", "{600073F2-2494-43F8-8041-5FE030B6CB83}"
EndProject
Project("{FAE04EC0-301F-11D3-BF4B-00C04F79EFBC}") = "EasyLife.Domain", "EasyLife.Domain\EasyLife.Domain.csproj", "{7AD3DCCC-9308-4E28-B27B-187AF22CBC0D}"
EndProject
Project("{FAE04EC0-301F-11D3-BF4B-00C04F79EFBC}") = "EasyLife.Persistence", "EasyLife.Persistence\EasyLife.Persistence.csproj", "{B717824A-D6DA-4C93-A273-E0C1A68E7E63}"
EndProject
Global
	GlobalSection(SolutionConfigurationPlatforms) = preSolution
		Debug|Any CPU = Debug|Any CPU
		Release|Any CPU = Release|Any CPU
	EndGlobalSection
	GlobalSection(ProjectConfigurationPlatforms) = postSolution
		{9200D377-F0BD-456E-A398-18408E83FA27}.Debug|Any CPU.ActiveCfg = Debug|Any CPU
		{9200D377-F0BD-456E-A398-18408E83FA27}.Debug|Any CPU.Build.0 = Debug|Any CPU
		{9200D377-F0BD-456E-A398-18408E83FA27}.Release|Any CPU.ActiveCfg = Release|Any CPU
		{9200D377-F0BD-456E-A398-18408E83FA27}.Release|Any CPU.Build.0 = Release|Any CPU
		{600073F2-2494-43F8-8041-5FE030B6CB83}.Debug|Any CPU.ActiveCfg = Debug|Any CPU
		{600073F2-2494-43F8-8041-5FE030B6CB83}.Debug|Any CPU.Build.0 = Debug|Any CPU
		{600073F2-2494-43F8-8041-5FE030B6CB83}.Release|Any CPU.ActiveCfg = Release|Any CPU
		{600073F2-2494-43F8-8041-5FE030B6CB83}.Release|Any CPU.Build.0 = Release|Any CPU
		{7AD3DCCC-9308-4E28-B27B-187AF22CBC0D}.Debug|Any CPU.ActiveCfg = Debug|Any CPU
		{7AD3DCCC-9308-4E28-B27B-187AF22CBC0D}.Debug|Any CPU.Build.0 = Debug|Any CPU
		{7AD3DCCC-9308-4E28-B27B-187AF22CBC0D}.Release|Any CPU.ActiveCfg = Release|Any CPU
		{7AD3DCCC-9308-4E28-B27B-187AF22CBC0D}.Release|Any CPU.Build.0 = Release|Any CPU
		{B717824A-D6DA-4C93-A273-E0C1A68E7E63}.Debug|Any CPU.ActiveCfg = Debug|Any CPU
		{B717824A-D6DA-4C93-A273-E0C1A68E7E63}.Debug|Any CPU.Build.0 = Debug|Any CPU
		{B717824A-D6DA-4C93-A273-E0C1A68E7E63}.Release|Any CPU.ActiveCfg = Release|Any CPU
		{B717824A-D6DA-4C93-A273-E0C1A68E7E63}.Release|Any CPU.Build.0 = Release|Any CPU
	EndGlobalSection
	GlobalSection(SolutionProperties) = preSolution
		HideSolutionNode = FALSE
	EndGlobalSection
	GlobalSection(NestedProjects) = preSolution
		{9200D377-F0BD-456E-A398-18408E83FA27} = {7BC7598C-9217-47A7-A452-ECB9F57CA04A}
		{600073F2-2494-43F8-8041-5FE030B6CB83} = {450C78C9-64B9-4C10-89B1-F187049670CE}
		{7AD3DCCC-9308-4E28-B27B-187AF22CBC0D} = {450C78C9-64B9-4C10-89B1-F187049670CE}
		{B717824A-D6DA-4C93-A273-E0C1A68E7E63} = {A9F95246-D980-4C75-84B2-735DED7C637A}
	EndGlobalSection
	GlobalSection(ExtensibilityGlobals) = postSolution
		SolutionGuid = {940F7C3C-659D-465E-8133-F00008C8261F}
	EndGlobalSection
EndGlobal
